PODS:
  - GCDWebServer (2.5.2):
    - GCDWebServer/Core (= 2.5.2)
  - GCDWebServer/Core (2.5.2)
  - Kiwi (2.3.0)
  - WLXWebViewReloader (1.0.1)

DEPENDENCIES:
  - GCDWebServer
  - Kiwi
  - WLXWebViewReloader (from `../`)

EXTERNAL SOURCES:
  WLXWebViewReloader:
    :path: ../

SPEC CHECKSUMS:
  GCDWebServer: 53c52f370be70c6b4292c5f41ba9e9f0ed3790cc
  Kiwi: 54bece5b35564d9b8e03c608d926f1a22fcfc589
  WLXWebViewReloader: e2f4509d77dd932d8bd5ef036adc36ff019f5870

COCOAPODS: 0.35.0
