PODS:
  - Kiwi (2.3.1)
  - WLXWebViewReloader (1.0.2)

DEPENDENCIES:
  - Kiwi
  - WLXWebViewReloader (from `../`)

EXTERNAL SOURCES:
  WLXWebViewReloader:
    :path: "../"

SPEC CHECKSUMS:
  Kiwi: f038a6c61f7a9e4d7766bff5717aa3b3fdb75f55
  WLXWebViewReloader: 03844a5a3d5d48763b02895bb67c228a9f6fee69

COCOAPODS: 0.37.1
